
Microsoft Visual Studio Solution File, Format Version 12.00
# Visual Studio Version 16
VisualStudioVersion = 16.0.30523.141
MinimumVisualStudioVersion = 10.0.40219.1
Project("{FAE04EC0-301F-11D3-BF4B-00C04F79EFBC}") = "NewBrandingStyle.Web", "NewBrandingStyle.Web\NewBrandingStyle.Web.csproj", "{03339626-28E5-4F6B-AA56-158F4A0178A5}"
EndProject
Global
	GlobalSection(SolutionConfigurationPlatforms) = preSolution
		Debug|Any CPU = Debug|Any CPU
		Release|Any CPU = Release|Any CPU
	EndGlobalSection
	GlobalSection(ProjectConfigurationPlatforms) = postSolution
		{03339626-28E5-4F6B-AA56-158F4A0178A5}.Debug|Any CPU.ActiveCfg = Debug|Any CPU
		{03339626-28E5-4F6B-AA56-158F4A0178A5}.Debug|Any CPU.Build.0 = Debug|Any CPU
		{03339626-28E5-4F6B-AA56-158F4A0178A5}.Release|Any CPU.ActiveCfg = Release|Any CPU
		{03339626-28E5-4F6B-AA56-158F4A0178A5}.Release|Any CPU.Build.0 = Release|Any CPU
	EndGlobalSection
	GlobalSection(SolutionProperties) = preSolution
		HideSolutionNode = FALSE
	EndGlobalSection
	GlobalSection(ExtensibilityGlobals) = postSolution
		SolutionGuid = {A02CD7CD-9E55-4C5A-BD16-C86E2C802D5D}
	EndGlobalSection
EndGlobal
